FORGE
  remote: https://forgeapi.puppetlabs.com
  specs:
    hunner-wordpress (1.0.0)
      puppetlabs-concat (>= 1.0.0)
      puppetlabs-mysql (>= 2.1.0)
      puppetlabs-stdlib (>= 2.3.1)
    puppet-archive (3.2.0)
      puppetlabs-stdlib (< 6.0.0, >= 4.13.1)
    puppet-php (6.0.2)
      puppet-archive (< 4.0.0, >= 1.0.0)
      puppet-zypprepo (< 3.0.0, >= 2.0.0)
      puppetlabs-apt (< 7.0.0, >= 4.4.0)
      puppetlabs-inifile (< 3.0.0, >= 1.4.1)
      puppetlabs-stdlib (< 6.0.0, >= 4.16.0)
    puppet-staging (3.2.0)
    puppet-zypprepo (2.2.2)
    puppetlabs-apache (3.4.0)
      puppetlabs-concat (< 6.0.0, >= 2.2.1)
      puppetlabs-stdlib (< 6.0.0, >= 4.13.1)
    puppetlabs-apt (6.1.1)
      puppetlabs-stdlib (< 6.0.0, >= 4.16.0)
      puppetlabs-translate (< 2.0.0, >= 1.0.0)
    puppetlabs-concat (5.1.0)
      puppetlabs-stdlib (< 6.0.0, >= 4.13.1)
    puppetlabs-inifile (2.4.0)
    puppetlabs-mysql (6.2.0)
      puppet-staging (< 4.0.0, >= 1.0.1)
      puppetlabs-stdlib (< 6.0.0, >= 3.2.0)
      puppetlabs-translate (< 2.0.0, >= 1.0.0)
    puppetlabs-stdlib (5.1.0)
    puppetlabs-translate (1.2.0)

DEPENDENCIES
  hunner-wordpress (>= 0)
  puppet-php (>= 0)
  puppetlabs-apache (>= 0)
  puppetlabs-mysql (>= 0)

